
Microsoft Visual Studio Solution File, Format Version 12.00
# Visual Studio Version 17
VisualStudioVersion = 17.4.33213.308
MinimumVisualStudioVersion = 10.0.40219.1
Project("{FAE04EC0-301F-11D3-BF4B-00C04F79EFBC}") = "Converter", "Converter\Converter.csproj", "{0FA075FF-99A3-4BF2-87A8-515A75010471}"
EndProject
Global
	GlobalSection(SolutionConfigurationPlatforms) = preSolution
		Debug|Any CPU = Debug|Any CPU
		Release|Any CPU = Release|Any CPU
	EndGlobalSection
	GlobalSection(ProjectConfigurationPlatforms) = postSolution
		{0FA075FF-99A3-4BF2-87A8-515A75010471}.Debug|Any CPU.ActiveCfg = Debug|Any CPU
		{0FA075FF-99A3-4BF2-87A8-515A75010471}.Debug|Any CPU.Build.0 = Debug|Any CPU
		{0FA075FF-99A3-4BF2-87A8-515A75010471}.Release|Any CPU.ActiveCfg = Release|Any CPU
		{0FA075FF-99A3-4BF2-87A8-515A75010471}.Release|Any CPU.Build.0 = Release|Any CPU
	EndGlobalSection
	GlobalSection(SolutionProperties) = preSolution
		HideSolutionNode = FALSE
	EndGlobalSection
	GlobalSection(ExtensibilityGlobals) = postSolution
		SolutionGuid = {06648BAE-D8D5-4063-AA70-99B41475BD49}
	EndGlobalSection
EndGlobal
